
Microsoft Visual Studio Solution File, Format Version 12.00
Project("{FAE04EC0-301F-11D3-BF4B-00C04F79EFBC}") = "Lab4", "Lab4\Lab4.csproj", "{D0FCC1BD-CC57-4AC8-8C20-447C560FBC73}"
EndProject
Project("{FAE04EC0-301F-11D3-BF4B-00C04F79EFBC}") = "TestProject", "TestProject\TestProject.csproj", "{50848A02-E6DB-4B7B-8959-C1A5ED5A01BC}"
EndProject
Global
	GlobalSection(SolutionConfigurationPlatforms) = preSolution
		Debug|Any CPU = Debug|Any CPU
		Release|Any CPU = Release|Any CPU
	EndGlobalSection
	GlobalSection(ProjectConfigurationPlatforms) = postSolution
		{D0FCC1BD-CC57-4AC8-8C20-447C560FBC73}.Debug|Any CPU.ActiveCfg = Debug|Any CPU
		{D0FCC1BD-CC57-4AC8-8C20-447C560FBC73}.Debug|Any CPU.Build.0 = Debug|Any CPU
		{D0FCC1BD-CC57-4AC8-8C20-447C560FBC73}.Release|Any CPU.ActiveCfg = Release|Any CPU
		{D0FCC1BD-CC57-4AC8-8C20-447C560FBC73}.Release|Any CPU.Build.0 = Release|Any CPU
		{50848A02-E6DB-4B7B-8959-C1A5ED5A01BC}.Debug|Any CPU.ActiveCfg = Debug|Any CPU
		{50848A02-E6DB-4B7B-8959-C1A5ED5A01BC}.Debug|Any CPU.Build.0 = Debug|Any CPU
		{50848A02-E6DB-4B7B-8959-C1A5ED5A01BC}.Release|Any CPU.ActiveCfg = Release|Any CPU
		{50848A02-E6DB-4B7B-8959-C1A5ED5A01BC}.Release|Any CPU.Build.0 = Release|Any CPU
	EndGlobalSection
EndGlobal
