
Microsoft Visual Studio Solution File, Format Version 12.00
Project("{FAE04EC0-301F-11D3-BF4B-00C04F79EFBC}") = "Lab5_Server", "Lab5_Server\Lab5_Server.csproj", "{3332C728-F4F7-45E4-934C-3FF26E528FD4}"
EndProject
Project("{FAE04EC0-301F-11D3-BF4B-00C04F79EFBC}") = "Princess", "Princess\Princess.csproj", "{0708C885-8105-4124-9A04-B7775AB479A1}"
EndProject
Global
	GlobalSection(SolutionConfigurationPlatforms) = preSolution
		Debug|Any CPU = Debug|Any CPU
		Release|Any CPU = Release|Any CPU
	EndGlobalSection
	GlobalSection(ProjectConfigurationPlatforms) = postSolution
		{3332C728-F4F7-45E4-934C-3FF26E528FD4}.Debug|Any CPU.ActiveCfg = Debug|Any CPU
		{3332C728-F4F7-45E4-934C-3FF26E528FD4}.Debug|Any CPU.Build.0 = Debug|Any CPU
		{3332C728-F4F7-45E4-934C-3FF26E528FD4}.Release|Any CPU.ActiveCfg = Release|Any CPU
		{3332C728-F4F7-45E4-934C-3FF26E528FD4}.Release|Any CPU.Build.0 = Release|Any CPU
		{0708C885-8105-4124-9A04-B7775AB479A1}.Debug|Any CPU.ActiveCfg = Debug|Any CPU
		{0708C885-8105-4124-9A04-B7775AB479A1}.Debug|Any CPU.Build.0 = Debug|Any CPU
		{0708C885-8105-4124-9A04-B7775AB479A1}.Release|Any CPU.ActiveCfg = Release|Any CPU
		{0708C885-8105-4124-9A04-B7775AB479A1}.Release|Any CPU.Build.0 = Release|Any CPU
	EndGlobalSection
EndGlobal
